<?xml version="1.0" encoding="utf-8"?>
<Project ToolsVersion="4.0" xmlns="http://schemas.microsoft.com/developer/msbuild/2003">
  <ItemGroup>
    <Filter Include="00. MainApp">
      <UniqueIdentifier>{2b1afc9b-1cc3-4a46-a56c-b61099bf5cff}</UniqueIdentifier>
    </Filter>
    <Filter Include="99. Defines">
      <UniqueIdentifier>{c960747e-2201-4386-b3f1-a4038f6c3e76}</UniqueIdentifier>
    </Filter>
    <Filter Include="98. Default">
      <UniqueIdentifier>{68ef57a2-408a-4144-a567-7fc81823399b}</UniqueIdentifier>
    </Filter>
    <Filter Include="01. Levels">
      <UniqueIdentifier>{0c66d396-640c-4c08-aa3b-e1e7e057967b}</UniqueIdentifier>
    </Filter>
    <Filter Include="01. Levels\00. Logo">
      <UniqueIdentifier>{643e17f7-e651-420b-8a17-797b1e533224}</UniqueIdentifier>
    </Filter>
    <Filter Include="02. GameObjects">
      <UniqueIdentifier>{b1936517-b52e-47b1-97ba-676614916358}</UniqueIdentifier>
    </Filter>
    <Filter Include="97. ShaderFiles">
      <UniqueIdentifier>{c41cb1ec-d02a-411e-b77a-cfeebc2d4c50}</UniqueIdentifier>
    </Filter>
    <Filter Include="02. GameObjects\Camera">
      <UniqueIdentifier>{3a7cb060-b189-4a43-a35c-d8e6aa40674b}</UniqueIdentifier>
    </Filter>
    <Filter Include="02. GameObjects\Camera\Free">
      <UniqueIdentifier>{22cadebc-cc72-4deb-8583-8f76f51935c8}</UniqueIdentifier>
    </Filter>
    <Filter Include="02. GameObjects\Character">
      <UniqueIdentifier>{2dbe8bc6-7e8f-481c-971a-ed02de35a89e}</UniqueIdentifier>
    </Filter>
    <Filter Include="02. GameObjects\Character\Player">
      <UniqueIdentifier>{89dc55cd-8f37-4c75-9c0a-24b0b84bc834}</UniqueIdentifier>
    </Filter>
    <Filter Include="02. GameObjects\Environment">
      <UniqueIdentifier>{55816076-9fa5-475a-b62c-afaa924368dd}</UniqueIdentifier>
    </Filter>
    <Filter Include="02. GameObjects\LoadingTexture">
      <UniqueIdentifier>{8e689594-7817-4b2f-8a62-f8fa397152e4}</UniqueIdentifier>
    </Filter>
    <Filter Include="03. Component">
      <UniqueIdentifier>{51356e46-d48f-449d-99b0-692cc918261a}</UniqueIdentifier>
    </Filter>
    <Filter Include="04. ColliderManager">
      <UniqueIdentifier>{62ff6dde-8f02-498e-8df6-a97627179e2c}</UniqueIdentifier>
    </Filter>
    <Filter Include="05. SoundManager">
      <UniqueIdentifier>{92e546b6-8735-4d8b-9fbe-42feeaf4296f}</UniqueIdentifier>
    </Filter>
    <Filter Include="02. GameObjects\Environment\MapObject">
      <UniqueIdentifier>{f3d55f59-222e-4e43-9d35-288044ec02eb}</UniqueIdentifier>
    </Filter>
    <Filter Include="02. GameObjects\Environment\MapObject\Rotation">
      <UniqueIdentifier>{4a126142-20e6-4ae1-9581-0321a9578f5c}</UniqueIdentifier>
    </Filter>
    <Filter Include="02. GameObjects\Environment\MapObject\Static">
      <UniqueIdentifier>{a701ec66-f55f-4471-a504-c6bde3817942}</UniqueIdentifier>
    </Filter>
    <Filter Include="02. GameObjects\Environment\MapObject\Terrain">
      <UniqueIdentifier>{be676e8a-1460-4a0f-b8b2-8b6a8944b14a}</UniqueIdentifier>
    </Filter>
    <Filter Include="02. GameObjects\Environment\Sky">
      <UniqueIdentifier>{ac119d15-7984-4f75-be10-6b17bb2a1a34}</UniqueIdentifier>
    </Filter>
    <Filter Include="01. Levels\99. Loadiing">
      <UniqueIdentifier>{5aa88866-07ca-4355-aa7d-849bf2a38ae9}</UniqueIdentifier>
    </Filter>
    <Filter Include="01. Levels\99. Loadiing\Loader">
      <UniqueIdentifier>{07b93f72-9039-41ee-9ba4-3577f8d3ed92}</UniqueIdentifier>
    </Filter>
    <Filter Include="02. GameObjects\Environment\MapObject\InstanceMapObject">
      <UniqueIdentifier>{edf890b9-bb3e-4168-b318-747b426d65b2}</UniqueIdentifier>
    </Filter>
    <Filter Include="02. GameObjects\Character\Player\Tanjiro">
      <UniqueIdentifier>{304c14bd-faf2-427b-b4cd-4fab27b67274}</UniqueIdentifier>
    </Filter>
    <Filter Include="02. GameObjects\Character\Monster">
      <UniqueIdentifier>{7c952342-53cd-43bb-9466-53e50141df7a}</UniqueIdentifier>
    </Filter>
    <Filter Include="02. GameObjects\Character\Monster\Test">
      <UniqueIdentifier>{77d1a976-2a7d-4590-9dea-f030a3b4999b}</UniqueIdentifier>
    </Filter>
    <Filter Include="02. GameObjects\AtkCollider">
      <UniqueIdentifier>{7f94dad7-d326-47f1-b06d-c52075fed801}</UniqueIdentifier>
    </Filter>
    <Filter Include="02. GameObjects\AtkCollider\Manager">
      <UniqueIdentifier>{a04c8a4e-c42a-466e-b952-271e7df79043}</UniqueIdentifier>
    </Filter>
    <Filter Include="02. GameObjects\Effect">
      <UniqueIdentifier>{f1e0e826-7435-42b8-9951-27e712afbf26}</UniqueIdentifier>
    </Filter>
    <Filter Include="02. GameObjects\Effect\ParticleSystem">
      <UniqueIdentifier>{6bf54859-902a-4849-9b6f-5701b88db71d}</UniqueIdentifier>
    </Filter>
    <Filter Include="02. GameObjects\Effect\Effect">
      <UniqueIdentifier>{36530e43-02e7-4254-aac6-7aa58875db4d}</UniqueIdentifier>
    </Filter>
    <Filter Include="02. GameObjects\Effect\Effect\Texture">
      <UniqueIdentifier>{e4d9a2d7-44db-4704-86d2-29f5ea24ac8c}</UniqueIdentifier>
    </Filter>
    <Filter Include="02. GameObjects\Effect\Effect\Mesh">
      <UniqueIdentifier>{cb8d7815-7181-49fe-8a7f-fa52861ea6d9}</UniqueIdentifier>
    </Filter>
    <Filter Include="02. GameObjects\Effect\Effect\Particle">
      <UniqueIdentifier>{38cc1cb7-a045-4123-9371-0f1a62850f4f}</UniqueIdentifier>
    </Filter>
    <Filter Include="02. GameObjects\Effect\EffectPlayer">
      <UniqueIdentifier>{1fd423d2-4f55-41d4-a8b8-a9e94cbde288}</UniqueIdentifier>
    </Filter>
    <Filter Include="02. GameObjects\Character\Player\Sword">
      <UniqueIdentifier>{8ff7c169-3b1c-4daa-bbcc-a593e0a1cbe4}</UniqueIdentifier>
    </Filter>
    <Filter Include="02. GameObjects\Character\Player\Zenitsu">
      <UniqueIdentifier>{4d7c5d11-0973-432f-af5e-fe51cae8ff5c}</UniqueIdentifier>
    </Filter>
    <Filter Include="01. Levels\02. GamePlay">
      <UniqueIdentifier>{710b0984-83fa-458c-be02-8efd4a409b0a}</UniqueIdentifier>
    </Filter>
    <Filter Include="01. Levels\03. Village">
      <UniqueIdentifier>{f2d4f22e-0c62-4fce-abcf-bed6e88865c3}</UniqueIdentifier>
    </Filter>
    <Filter Include="01. Levels\04. House">
      <UniqueIdentifier>{b72ed52c-d331-417a-a807-1a5bd490af58}</UniqueIdentifier>
    </Filter>
    <Filter Include="01. Levels\05. Train">
      <UniqueIdentifier>{42122498-728c-4179-bbfa-1b3af44a2ba1}</UniqueIdentifier>
    </Filter>
    <Filter Include="01. Levels\06. FinalBoss">
      <UniqueIdentifier>{ccaeb494-6aa8-4cdf-8a8c-3e6c75ea2f68}</UniqueIdentifier>
    </Filter>
    <Filter Include="02. GameObjects\Character\NPC">
      <UniqueIdentifier>{f27e214a-4bc3-47d4-986b-68b66d972785}</UniqueIdentifier>
    </Filter>
    <Filter Include="02. GameObjects\Character\NPC\NPC_Female">
      <UniqueIdentifier>{cc786053-573e-4188-a117-9b54e118a1d3}</UniqueIdentifier>
    </Filter>
    <Filter Include="02. GameObjects\Character\Monster\Spider">
      <UniqueIdentifier>{1d5240fc-0302-47fd-b572-9b57c0d25c6b}</UniqueIdentifier>
    </Filter>
    <Filter Include="02. GameObjects\Character\Monster\Manager">
      <UniqueIdentifier>{2b897ff2-31e4-4b92-ba1d-7ea9fd177a01}</UniqueIdentifier>
    </Filter>
    <Filter Include="02. GameObjects\CollisionBox">
      <UniqueIdentifier>{1ae6df93-9f3e-42f8-90d7-1fd8f579104d}</UniqueIdentifier>
    </Filter>
    <Filter Include="02. GameObjects\Character\Monster\Boss_Kyogai">
      <UniqueIdentifier>{b4b6df4d-bb33-4b31-9e81-fafbf4444f20}</UniqueIdentifier>
    </Filter>
    <Filter Include="02. GameObjects\Character\Monster\Zako">
      <UniqueIdentifier>{7821495e-d8d2-4ac7-b2e9-cdba5f4490ff}</UniqueIdentifier>
    </Filter>
    <Filter Include="02. GameObjects\Camera\Free\Manager">
      <UniqueIdentifier>{aa966765-6075-47e8-b365-fc9113e28c10}</UniqueIdentifier>
    </Filter>
    <Filter Include="02. GameObjects\Character\Player\PlayerManager">
      <UniqueIdentifier>{b8c29c98-f2c8-4acc-a6d5-e826cfb59d61}</UniqueIdentifier>
    </Filter>
    <Filter Include="02. GameObjects\Environment\AlertCircle">
      <UniqueIdentifier>{1fcc66ec-5608-4569-b4b0-91886eb7715f}</UniqueIdentifier>
    </Filter>
    <Filter Include="02. GameObjects\Character\Monster\Swamp">
      <UniqueIdentifier>{b7224a9e-5e9a-4867-b09d-ad10e90f0ca0}</UniqueIdentifier>
    </Filter>
    <Filter Include="02. GameObjects\Environment\AlertRect">
      <UniqueIdentifier>{b14fd503-70cd-41dc-9a37-4cda1a419f8f}</UniqueIdentifier>
    </Filter>
    <Filter Include="02. GameObjects\Character\Monster\Swamp\Manager">
      <UniqueIdentifier>{733d127c-e77d-40ee-87b3-9c1089fb2735}</UniqueIdentifier>
    </Filter>
    <Filter Include="02. GameObjects\Character\Monster\Swamp\SwampShot">
      <UniqueIdentifier>{67ecd14f-1a0a-463c-81aa-ba4f15ad5bc8}</UniqueIdentifier>
    </Filter>
    <Filter Include="02. GameObjects\Environment\SmellBundle">
      <UniqueIdentifier>{7b0f0804-7c3f-42c5-a3fd-ae27b19aa658}</UniqueIdentifier>
    </Filter>
    <Filter Include="02. GameObjects\Character\Monster\Boss_Akaza">
      <UniqueIdentifier>{d2c90a76-e1c2-4c66-bbc5-f1db78e2408a}</UniqueIdentifier>
    </Filter>
    <Filter Include="02. GameObjects\Character\Player\Rengoku">
      <UniqueIdentifier>{43216cd8-c095-4e0d-bcb8-50166c603d7f}</UniqueIdentifier>
    </Filter>
    <Filter Include="02. GameObjects\Character\NPC\NPC_AdultM">
      <UniqueIdentifier>{73e3f0a7-3de8-47ba-9edc-ebdcd6ce38c4}</UniqueIdentifier>
    </Filter>
    <Filter Include="02. GameObjects\Character\NPC\NPC_ChildF">
      <UniqueIdentifier>{b831d37c-58f5-4762-80ac-859ad47da1ae}</UniqueIdentifier>
    </Filter>
    <Filter Include="02. GameObjects\Character\NPC\NPC_ChildM">
      <UniqueIdentifier>{166c0673-b791-4883-a767-e5019c73952a}</UniqueIdentifier>
    </Filter>
    <Filter Include="02. GameObjects\Character\Monster\Swamp\Swamp_AlertRect">
      <UniqueIdentifier>{2acb8c54-a24c-4bfa-8af9-e45a9d5e79f9}</UniqueIdentifier>
    </Filter>
    <Filter Include="02. GameObjects\Character\Monster\Zako\StealthMode">
      <UniqueIdentifier>{7d843af3-187d-4527-8f4c-8f46cd002242}</UniqueIdentifier>
    </Filter>
    <Filter Include="01. Levels\01. Lobby">
      <UniqueIdentifier>{3ebf771f-04be-4093-8b16-c63e9637b325}</UniqueIdentifier>
    </Filter>
    <Filter Include="02. GameObjects\Character\NPC\NPC_Zenitsu">
      <UniqueIdentifier>{fe8c0157-0581-4e1f-b3cc-6c3b8a5b3e6c}</UniqueIdentifier>
    </Filter>
    <Filter Include="02. GameObjects\Character\Monster\Swamp\SmeshStone">
      <UniqueIdentifier>{08d41dee-392b-4f21-82b2-b9babe1a32b0}</UniqueIdentifier>
    </Filter>
    <Filter Include="02. GameObjects\Environment\Aurora">
      <UniqueIdentifier>{abe5d168-edee-496e-a632-fa5412af3381}</UniqueIdentifier>
    </Filter>
    <Filter Include="02. GameObjects\EffectW">
      <UniqueIdentifier>{d8235205-841b-4e60-9f5d-a8536169fb80}</UniqueIdentifier>
    </Filter>
    <Filter Include="02. GameObjects\EffectW\GroundSmoke">
      <UniqueIdentifier>{cf5eafe3-54b3-48cf-9f27-34af332f6602}</UniqueIdentifier>
    </Filter>
    <Filter Include="02. GameObjects\EffectW\RoomSmoke">
      <UniqueIdentifier>{3ede2645-e084-4d91-b1df-068b00737579}</UniqueIdentifier>
    </Filter>
    <Filter Include="02. GameObjects\EffectW\StoneParticle">
      <UniqueIdentifier>{094cf555-e02f-4832-8733-1a3b433cbe42}</UniqueIdentifier>
    </Filter>
    <Filter Include="02. GameObjects\EffectW\Swamp_SmokeEffect">
      <UniqueIdentifier>{5732d849-a0af-462d-be70-91ef3b013ca8}</UniqueIdentifier>
    </Filter>
    <Filter Include="02. GameObjects\Character\Monster\Swamp\WaterEffect">
      <UniqueIdentifier>{2515c59b-7822-49cd-bebb-134c3bdcd5b9}</UniqueIdentifier>
    </Filter>
    <Filter Include="02. GameObjects\UI">
      <UniqueIdentifier>{7afcbce9-d973-4cb6-9ef8-0643e6e0f97f}</UniqueIdentifier>
    </Filter>
    <Filter Include="02. GameObjects\UI\00.Player_Battle_Bar">
      <UniqueIdentifier>{31189834-560c-4c54-963d-5759dcde14bb}</UniqueIdentifier>
    </Filter>
    <Filter Include="02. GameObjects\UI\00.Player_Battle_Bar\Frame">
      <UniqueIdentifier>{99b17ca9-771c-4409-8058-387ba3f8c8cc}</UniqueIdentifier>
    </Filter>
    <Filter Include="02. GameObjects\UI\00.Player_Battle_Bar\Hp_Bar">
      <UniqueIdentifier>{44fdf3de-4e5f-4358-bc3e-04c748b5e6e8}</UniqueIdentifier>
    </Filter>
    <Filter Include="02. GameObjects\UI\00.Player_Battle_Bar\Mp_Bar">
      <UniqueIdentifier>{4b53252b-bc69-43b5-a502-8aeb0f33f4fe}</UniqueIdentifier>
    </Filter>
    <Filter Include="02. GameObjects\UI\00.Player_Battle_Bar\Sup_Bar">
      <UniqueIdentifier>{737eeae9-6477-497b-b695-212bde7aa94f}</UniqueIdentifier>
    </Filter>
    <Filter Include="02. GameObjects\UI\00.Player_Battle_Bar\Sup_Bar\Effect">
      <UniqueIdentifier>{5953ceac-3f27-4aad-93be-d12bd6f001df}</UniqueIdentifier>
    </Filter>
    <Filter Include="02. GameObjects\UI\00.Player_Battle_Bar\Sup_Bar\Frame">
      <UniqueIdentifier>{75cdf47c-c18e-49a1-b217-8c15b666530c}</UniqueIdentifier>
    </Filter>
    <Filter Include="02. GameObjects\UI\00.Player_Battle_Bar\Ult_Bar">
      <UniqueIdentifier>{51aaec38-0e7b-4a45-b88c-2f526de4b2fa}</UniqueIdentifier>
    </Filter>
    <Filter Include="02. GameObjects\UI\00.Player_Battle_Bar\Ult_Bar\Effect">
      <UniqueIdentifier>{ce090631-8518-4c4a-b0fe-cf0531c25610}</UniqueIdentifier>
    </Filter>
    <Filter Include="02. GameObjects\UI\00.Player_Battle_Bar\Ult_Bar\Frame">
      <UniqueIdentifier>{c34d91bb-0b04-48e2-9505-1e60445f2921}</UniqueIdentifier>
    </Filter>
    <Filter Include="02. GameObjects\UI\02.Combo_Info">
      <UniqueIdentifier>{3ffd5914-2d3f-4140-83f6-8b399a25f622}</UniqueIdentifier>
    </Filter>
    <Filter Include="02. GameObjects\UI\02.Combo_Info\Combo">
      <UniqueIdentifier>{cfcd049f-051e-4a94-9eac-bb9ad1ef641d}</UniqueIdentifier>
    </Filter>
    <Filter Include="02. GameObjects\UI\03.World_UI">
      <UniqueIdentifier>{83794500-3eef-43d7-af6b-3d8241299e75}</UniqueIdentifier>
    </Filter>
    <Filter Include="02. GameObjects\UI\03.World_UI\Hp_Bar">
      <UniqueIdentifier>{7c4d3dfc-0126-4bf0-a8f2-fe2fcda539fb}</UniqueIdentifier>
    </Filter>
    <Filter Include="02. GameObjects\UI\03.World_UI\FIcon">
      <UniqueIdentifier>{e7195b5a-20e4-4391-81b3-18ee832c962b}</UniqueIdentifier>
    </Filter>
    <Filter Include="02. GameObjects\UI\03.World_UI\Interaction">
      <UniqueIdentifier>{3f046026-042f-4f0c-9221-8c2fce0fe032}</UniqueIdentifier>
    </Filter>
    <Filter Include="02. GameObjects\UI\06.Map">
      <UniqueIdentifier>{0e86ec12-a0e4-47d9-8d11-762bd00246c4}</UniqueIdentifier>
    </Filter>
    <Filter Include="02. GameObjects\UI\06.Map\Mini">
      <UniqueIdentifier>{196a8218-dd1d-48ec-af3d-0905c9415e49}</UniqueIdentifier>
    </Filter>
    <Filter Include="02. GameObjects\UI\06.Map\Mini\Mini_Map_Manager">
      <UniqueIdentifier>{0cc59fe8-88a9-4669-bee0-e2d20d650935}</UniqueIdentifier>
    </Filter>
    <Filter Include="02. GameObjects\UI\08.Mini_Game">
      <UniqueIdentifier>{a97d6a23-672f-4f67-8cc9-07c83ad27341}</UniqueIdentifier>
    </Filter>
    <Filter Include="02. GameObjects\UI\09.Main_UI">
      <UniqueIdentifier>{da294850-ab41-4dc0-8595-3688dcf29f0f}</UniqueIdentifier>
    </Filter>
    <Filter Include="02. GameObjects\UI\09.Main_UI\Title">
      <UniqueIdentifier>{1c7cb107-3f60-4626-a7a3-4ff99b14544b}</UniqueIdentifier>
    </Filter>
    <Filter Include="02. GameObjects\UI\09.Main_UI\Title\Title_Manager">
      <UniqueIdentifier>{6a398fac-b43b-461a-a46d-0a180b3a9c9f}</UniqueIdentifier>
    </Filter>
    <Filter Include="02. GameObjects\UI\09.Main_UI\Loading">
      <UniqueIdentifier>{a0e5bb6b-cce6-4425-a366-032098bdd2f2}</UniqueIdentifier>
    </Filter>
    <Filter Include="02. GameObjects\UI\09.Main_UI\Loading\Loading_Bar">
      <UniqueIdentifier>{adc12239-0a2b-4954-a0d2-895091e02169}</UniqueIdentifier>
    </Filter>
    <Filter Include="02. GameObjects\UI\09.Main_UI\Loading\Fade_Manager">
      <UniqueIdentifier>{05100fc0-dd63-41ed-8f22-3b2b40242d05}</UniqueIdentifier>
    </Filter>
    <Filter Include="02. GameObjects\UI\09.Main_UI\Story_Board">
      <UniqueIdentifier>{d033310c-a2c6-45c6-a67a-84fa61a43b8d}</UniqueIdentifier>
    </Filter>
    <Filter Include="02. GameObjects\UI\09.Main_UI\Story_Board\Story_Manager">
      <UniqueIdentifier>{47b281f5-fff1-49d3-b33f-a6f5a869ade8}</UniqueIdentifier>
    </Filter>
    <Filter Include="02. GameObjects\UI\09.Main_UI\Option">
      <UniqueIdentifier>{53ad77b6-fc16-4e82-8d85-dd029aed7add}</UniqueIdentifier>
    </Filter>
    <Filter Include="02. GameObjects\UI\09.Main_UI\Option\Option_Manager">
      <UniqueIdentifier>{77e19af2-afba-4242-9190-38f5013fb4f2}</UniqueIdentifier>
    </Filter>
    <Filter Include="02. GameObjects\UI\09.Main_UI\Pause">
      <UniqueIdentifier>{493ad216-5aa5-4c36-8e3f-c55767cdf314}</UniqueIdentifier>
    </Filter>
    <Filter Include="02. GameObjects\UI\01.Boss_Battle_Bar">
      <UniqueIdentifier>{f13d0d49-42ea-4e53-8dd2-9f26cf9f415b}</UniqueIdentifier>
    </Filter>
    <Filter Include="02. GameObjects\UI\01.Boss_Battle_Bar\Frame">
      <UniqueIdentifier>{da25a8b7-bd41-458d-b89c-58daa3050c63}</UniqueIdentifier>
    </Filter>
    <Filter Include="02. GameObjects\UI\01.Boss_Battle_Bar\Hp_Bar">
      <UniqueIdentifier>{aca9ca19-5fde-4f45-a001-619d29b09a21}</UniqueIdentifier>
    </Filter>
    <Filter Include="02. GameObjects\UI\04.Dialog">
      <UniqueIdentifier>{79f4ca1b-c951-4efb-899a-c3f129cde58f}</UniqueIdentifier>
    </Filter>
    <Filter Include="02. GameObjects\UI\04.Dialog\Dialog_Manager">
      <UniqueIdentifier>{7dcfc00b-edb8-4728-9c69-2cf847708ab7}</UniqueIdentifier>
    </Filter>
    <Filter Include="02. GameObjects\UI\05.Mission">
      <UniqueIdentifier>{8aa4b174-b287-49a1-9dab-ea39e81388f6}</UniqueIdentifier>
    </Filter>
    <Filter Include="02. GameObjects\UI\05.Mission\Mission_Manager">
      <UniqueIdentifier>{00451467-f9dc-439c-bfc6-a29a7137316a}</UniqueIdentifier>
    </Filter>
    <Filter Include="02. GameObjects\UI\05.Mission\Mission_Paper">
      <UniqueIdentifier>{e817ebb6-58c9-427c-9d1b-ef22a995441c}</UniqueIdentifier>
    </Filter>
    <Filter Include="02. GameObjects\UI\10.Skill_Name">
      <UniqueIdentifier>{ae9e1dde-8d52-45ca-bf9b-855475fe96fe}</UniqueIdentifier>
    </Filter>
    <Filter Include="02. GameObjects\UI\11.Battle_UI_Manager">
      <UniqueIdentifier>{ded556a7-45ce-4462-852c-28c482291a30}</UniqueIdentifier>
    </Filter>
    <Filter Include="02. GameObjects\UI\12.Battle_Signal">
      <UniqueIdentifier>{0c5e686d-a9c2-4f43-9a8d-d31d2bd7b04f}</UniqueIdentifier>
    </Filter>
    <Filter Include="02. GameObjects\UI\07.Gimmick">
      <UniqueIdentifier>{21de2c83-78e6-4a76-842c-5437207f31c9}</UniqueIdentifier>
    </Filter>
    <Filter Include="02. GameObjects\Environment\TrainSmoke">
      <UniqueIdentifier>{425e937a-4a65-4701-9cf9-a83b91b5a707}</UniqueIdentifier>
    </Filter>
    <Filter Include="02. GameObjects\EffectW\WaterParicleEffect">
      <UniqueIdentifier>{3fd890ae-ad6c-47bb-a19b-6d835c9d3b1d}</UniqueIdentifier>
    </Filter>
    <Filter Include="02. GameObjects\Character\Monster\Spider\WebManager">
      <UniqueIdentifier>{9ed97551-bbec-43cf-97b9-b6b1695bbc21}</UniqueIdentifier>
    </Filter>
    <Filter Include="02. GameObjects\Character\Monster\Spider\Web">
      <UniqueIdentifier>{19db0fba-f920-48b2-859b-6b860fa9483a}</UniqueIdentifier>
    </Filter>
  </ItemGroup>
  <ItemGroup>
    <ClInclude Include="Client.h">
      <Filter>98. Default</Filter>
    </ClInclude>
    <ClInclude Include="framework.h">
      <Filter>98. Default</Filter>
    </ClInclude>
    <ClInclude Include="pch.h">
      <Filter>98. Default</Filter>
    </ClInclude>
    <ClInclude Include="Resource.h">
      <Filter>98. Default</Filter>
    </ClInclude>
    <ClInclude Include="targetver.h">
      <Filter>98. Default</Filter>
    </ClInclude>
    <ClInclude Include="..\Public\Client_Defines.h">
      <Filter>99. Defines</Filter>
    </ClInclude>
    <ClInclude Include="..\Public\MainApp.h">
      <Filter>00. MainApp</Filter>
    </ClInclude>
    <ClInclude Include="..\Public\Level_Logo.h">
      <Filter>01. Levels\00. Logo</Filter>
    </ClInclude>
    <ClInclude Include="..\Public\Level_GamePlay.h">
      <Filter>01. Levels\02. GamePlay</Filter>
    </ClInclude>
    <ClInclude Include="..\Public\Level_Loading.h">
      <Filter>01. Levels\99. Loadiing</Filter>
    </ClInclude>
    <ClInclude Include="..\Public\Loader.h">
      <Filter>01. Levels\99. Loadiing\Loader</Filter>
    </ClInclude>
    <ClInclude Include="..\Public\BackGround.h">
      <Filter>02. GameObjects\LoadingTexture</Filter>
    </ClInclude>
    <ClInclude Include="..\Public\Camera_Free.h">
      <Filter>02. GameObjects\Camera\Free</Filter>
    </ClInclude>
    <ClInclude Include="..\Public\Character.h">
      <Filter>02. GameObjects\Character</Filter>
    </ClInclude>
    <ClInclude Include="..\Public\ColliderManager.h">
      <Filter>04. ColliderManager</Filter>
    </ClInclude>
    <ClInclude Include="..\Public\Sky.h">
      <Filter>02. GameObjects\Environment\Sky</Filter>
    </ClInclude>
    <ClInclude Include="..\Public\MapObject.h">
      <Filter>02. GameObjects\Environment\MapObject</Filter>
    </ClInclude>
    <ClInclude Include="..\Public\RotationMapObject.h">
      <Filter>02. GameObjects\Environment\MapObject\Rotation</Filter>
    </ClInclude>
    <ClInclude Include="..\Public\StaticMapObject.h">
      <Filter>02. GameObjects\Environment\MapObject\Static</Filter>
    </ClInclude>
    <ClInclude Include="..\Public\TerrainMapObject.h">
      <Filter>02. GameObjects\Environment\MapObject\Terrain</Filter>
    </ClInclude>
    <ClInclude Include="..\Public\SoundMgr.h">
      <Filter>05. SoundManager</Filter>
    </ClInclude>
    <ClInclude Include="..\Public\Level_Village.h">
      <Filter>01. Levels\03. Village</Filter>
    </ClInclude>
    <ClInclude Include="..\Public\Level_FinalBoss.h">
      <Filter>01. Levels\06. FinalBoss</Filter>
    </ClInclude>
    <ClInclude Include="..\Public\Level_House.h">
      <Filter>01. Levels\04. House</Filter>
    </ClInclude>
    <ClInclude Include="..\Public\Level_Train.h">
      <Filter>01. Levels\05. Train</Filter>
    </ClInclude>
    <ClInclude Include="..\Public\InstanceMapObject.h">
      <Filter>02. GameObjects\Environment\MapObject\InstanceMapObject</Filter>
    </ClInclude>
    <ClInclude Include="..\Public\Player_Tanjiro.h">
      <Filter>02. GameObjects\Character\Player\Tanjiro</Filter>
    </ClInclude>
    <ClInclude Include="..\Public\Monster_Test.h">
      <Filter>02. GameObjects\Character\Monster\Test</Filter>
    </ClInclude>
    <ClInclude Include="..\Public\Player_Battle_Frame.h">
      <Filter>02. GameObjects\UI\00.Player_Battle_Bar\Frame</Filter>
    </ClInclude>
    <ClInclude Include="..\Public\Player_Battle_Hp.h">
      <Filter>02. GameObjects\UI\00.Player_Battle_Bar\Hp_Bar</Filter>
    </ClInclude>
    <ClInclude Include="..\Public\Player_Battle_Mp.h">
      <Filter>02. GameObjects\UI\00.Player_Battle_Bar\Mp_Bar</Filter>
    </ClInclude>
    <ClInclude Include="..\Public\Player_Battle_Ult_Effect.h">
      <Filter>02. GameObjects\UI\00.Player_Battle_Bar\Ult_Bar\Effect</Filter>
    </ClInclude>
    <ClInclude Include="..\Public\Player_Battle_Ult_Frame.h">
      <Filter>02. GameObjects\UI\00.Player_Battle_Bar\Ult_Bar\Frame</Filter>
    </ClInclude>
    <ClInclude Include="..\Public\Boss_Battle_Frame.h">
      <Filter>02. GameObjects\UI\01.Boss_Battle_Bar\Frame</Filter>
    </ClInclude>
    <ClInclude Include="..\Public\Boss_Battle_Hp.h">
      <Filter>02. GameObjects\UI\01.Boss_Battle_Bar\Hp_Bar</Filter>
    </ClInclude>
    <ClInclude Include="..\Public\Player_Battle_Combo.h">
      <Filter>02. GameObjects\UI\02.Combo_Info\Combo</Filter>
    </ClInclude>
    <ClInclude Include="..\Public\AtkCollider.h">
      <Filter>02. GameObjects\AtkCollider</Filter>
    </ClInclude>
    <ClInclude Include="..\Public\AtkCollManager.h">
      <Filter>02. GameObjects\AtkCollider\Manager</Filter>
    </ClInclude>
    <ClInclude Include="..\Public\Player_Tanjiro.h">
      <Filter>02. GameObjects\Character\Player\Tanjiro</Filter>
    </ClInclude>
    <ClInclude Include="..\Public\Effect.h">
      <Filter>02. GameObjects\Effect</Filter>
    </ClInclude>
    <ClInclude Include="..\Public\Player.h">
      <Filter>02. GameObjects\Character\Player</Filter>
    </ClInclude>
    <ClInclude Include="..\Public\Effect_Mesh.h">
      <Filter>02. GameObjects\Effect\Effect\Mesh</Filter>
    </ClInclude>
    <ClInclude Include="..\Public\Effect_Texture.h">
      <Filter>02. GameObjects\Effect\Effect\Texture</Filter>
    </ClInclude>
    <ClInclude Include="..\Public\Effect_Particle.h">
      <Filter>02. GameObjects\Effect\Effect\Particle</Filter>
    </ClInclude>
    <ClInclude Include="..\Public\EffectPlayer.h">
      <Filter>02. GameObjects\Effect\EffectPlayer</Filter>
    </ClInclude>
    <ClInclude Include="..\Public\ParticleSystem.h">
      <Filter>02. GameObjects\Effect\ParticleSystem</Filter>
    </ClInclude>
    <ClInclude Include="..\Public\Character.h">
      <Filter>02. GameObjects\Character</Filter>
    </ClInclude>
    <ClInclude Include="..\Public\World_UI_Hp.h">
      <Filter>02. GameObjects\UI\03.World_UI\Hp_Bar</Filter>
    </ClInclude>
    <ClInclude Include="..\Public\FIcon.h">
      <Filter>02. GameObjects\UI\03.World_UI\FIcon</Filter>
    </ClInclude>
    <ClInclude Include="..\Public\Interaction.h">
      <Filter>02. GameObjects\UI\03.World_UI\Interaction</Filter>
    </ClInclude>
    <ClInclude Include="..\Public\Dialog.h">
      <Filter>02. GameObjects\UI\04.Dialog</Filter>
    </ClInclude>
    <ClInclude Include="..\Public\Mission.h">
      <Filter>02. GameObjects\UI\05.Mission</Filter>
    </ClInclude>
    <ClInclude Include="..\Public\Sword.h">
      <Filter>02. GameObjects\Character\Player\Sword</Filter>
    </ClInclude>
    <ClInclude Include="..\Public\SwordHome.h">
      <Filter>02. GameObjects\Character\Player\Sword</Filter>
    </ClInclude>
    <ClInclude Include="..\Public\Player_Zenitsu.h">
      <Filter>02. GameObjects\Character\Player\Zenitsu</Filter>
    </ClInclude>
    <ClInclude Include="..\Public\DialogManager.h">
      <Filter>02. GameObjects\UI\04.Dialog\Dialog_Manager</Filter>
    </ClInclude>
    <ClInclude Include="..\Public\MissionManager.h">
      <Filter>02. GameObjects\UI\05.Mission\Mission_Manager</Filter>
    </ClInclude>
    <ClInclude Include="..\Public\Mini_Map.h">
      <Filter>02. GameObjects\UI\06.Map\Mini</Filter>
    </ClInclude>
    <ClInclude Include="..\Public\Title.h">
      <Filter>02. GameObjects\UI\09.Main_UI\Title</Filter>
    </ClInclude>
    <ClInclude Include="..\Public\Title_Manager.h">
      <Filter>02. GameObjects\UI\09.Main_UI\Title\Title_Manager</Filter>
    </ClInclude>
    <ClInclude Include="..\Public\Loading.h">
      <Filter>02. GameObjects\UI\09.Main_UI\Loading</Filter>
    </ClInclude>
    <ClInclude Include="..\Public\Story_Board.h">
      <Filter>02. GameObjects\UI\09.Main_UI\Story_Board</Filter>
    </ClInclude>
    <ClInclude Include="..\Public\Story_Manager.h">
      <Filter>02. GameObjects\UI\09.Main_UI\Story_Board\Story_Manager</Filter>
    </ClInclude>
    <ClInclude Include="..\Public\Level_Lobby.h">
      <Filter>01. Levels\01. Lobby</Filter>
    </ClInclude>
    <ClInclude Include="..\Public\Pause.h">
      <Filter>02. GameObjects\UI\09.Main_UI\Pause</Filter>
    </ClInclude>
    <ClInclude Include="..\Public\Boss_Akaza.h">
      <Filter>02. GameObjects\Character\Monster\Boss_Akaza</Filter>
    </ClInclude>
    <ClInclude Include="..\Public\NPC.h">
      <Filter>02. GameObjects\Character\NPC</Filter>
    </ClInclude>
    <ClInclude Include="..\Public\NPC_Female.h">
      <Filter>02. GameObjects\Character\NPC\NPC_Female</Filter>
    </ClInclude>
    <ClInclude Include="..\Public\Monster.h">
      <Filter>02. GameObjects\Character\Monster</Filter>
    </ClInclude>
    <ClInclude Include="..\Public\Monster_Spider.h">
      <Filter>02. GameObjects\Character\Monster\Spider</Filter>
    </ClInclude>
    <ClInclude Include="..\Public\MonsterManager.h">
      <Filter>02. GameObjects\Character\Monster\Manager</Filter>
    </ClInclude>
    <ClInclude Include="..\Public\Fade_Manager.h">
      <Filter>02. GameObjects\UI\09.Main_UI\Loading\Fade_Manager</Filter>
    </ClInclude>
    <ClInclude Include="..\Public\Fade.h">
      <Filter>02. GameObjects\UI\09.Main_UI\Loading\Fade_Manager</Filter>
    </ClInclude>
    <ClInclude Include="..\Public\Mini_Map_Manager.h">
      <Filter>02. GameObjects\UI\06.Map\Mini\Mini_Map_Manager</Filter>
    </ClInclude>
    <ClInclude Include="..\Public\Boss_Kyogai.h">
      <Filter>02. GameObjects\Character\Monster\Boss_Kyogai</Filter>
    </ClInclude>
    <ClInclude Include="..\Public\CollisionBox.h">
      <Filter>02. GameObjects\CollisionBox</Filter>
    </ClInclude>
    <ClInclude Include="..\Public\Monster_Zako.h">
      <Filter>02. GameObjects\Character\Monster\Zako</Filter>
    </ClInclude>
    <ClInclude Include="..\Public\Skill_Name.h">
      <Filter>02. GameObjects\UI\10.Skill_Name</Filter>
    </ClInclude>
    <ClInclude Include="..\Public\Battle_UI_Manager.h">
      <Filter>02. GameObjects\UI\11.Battle_UI_Manager</Filter>
    </ClInclude>
    <ClInclude Include="..\Public\Camera_Manager.h">
      <Filter>02. GameObjects\Camera\Free\Manager</Filter>
    </ClInclude>
    <ClInclude Include="..\Public\Battle_Signal.h">
      <Filter>02. GameObjects\UI\12.Battle_Signal</Filter>
    </ClInclude>
    <ClInclude Include="..\Public\Option.h">
      <Filter>02. GameObjects\UI\09.Main_UI\Option</Filter>
    </ClInclude>
    <ClInclude Include="..\Public\TrainSmoke.h">
      <Filter>02. GameObjects\Environment\TrainSmoke</Filter>
    </ClInclude>
    <ClInclude Include="..\Public\OptionManager.h">
      <Filter>02. GameObjects\UI\09.Main_UI\Option\Option_Manager</Filter>
    </ClInclude>
    <ClInclude Include="..\Public\PlayerManager.h">
      <Filter>02. GameObjects\Character\Player\PlayerManager</Filter>
    </ClInclude>
    <ClInclude Include="..\Public\AlertCircle.h">
      <Filter>02. GameObjects\Environment\AlertCircle</Filter>
    </ClInclude>
    <ClInclude Include="..\Public\Monster_Swamp.h">
      <Filter>02. GameObjects\Character\Monster\Swamp</Filter>
    </ClInclude>
    <ClInclude Include="..\Public\RoomSmoke.h">
      <Filter>02. GameObjects\EffectW\RoomSmoke</Filter>
    </ClInclude>
    <ClInclude Include="..\Public\AlertRect.h">
      <Filter>02. GameObjects\Environment\AlertRect</Filter>
    </ClInclude>
    <ClInclude Include="..\Public\SwampManager.h">
      <Filter>02. GameObjects\Character\Monster\Swamp\Manager</Filter>
    </ClInclude>
    <ClInclude Include="..\Public\SmellBundle.h">
      <Filter>02. GameObjects\Environment\SmellBundle</Filter>
    </ClInclude>
    <ClInclude Include="..\Public\SwampShot.h">
      <Filter>02. GameObjects\Character\Monster\Swamp\SwampShot</Filter>
    </ClInclude>
    <ClInclude Include="..\Public\Paper.h">
      <Filter>02. GameObjects\UI\05.Mission\Mission_Paper</Filter>
    </ClInclude>
    <ClInclude Include="..\Public\Player_Rengoku.h">
      <Filter>02. GameObjects\Character\Player\Rengoku</Filter>
    </ClInclude>
    <ClInclude Include="..\Public\NPC_AdultM.h">
      <Filter>02. GameObjects\Character\NPC\NPC_AdultM</Filter>
    </ClInclude>
    <ClInclude Include="..\Public\NPC_ChildF.h">
      <Filter>02. GameObjects\Character\NPC\NPC_ChildF</Filter>
    </ClInclude>
    <ClInclude Include="..\Public\NPC_ChildM.h">
      <Filter>02. GameObjects\Character\NPC\NPC_ChildM</Filter>
    </ClInclude>
    <ClInclude Include="..\Public\SwampWaterEffect.h">
      <Filter>02. GameObjects\Character\Monster\Swamp\WaterEffect</Filter>
    </ClInclude>
    <ClInclude Include="..\Public\WaterParticleEffect.h">
      <Filter>02. GameObjects\EffectW\WaterParicleEffect</Filter>
    </ClInclude>
    <ClInclude Include="..\Public\Swamp_AlertRect.h">
      <Filter>02. GameObjects\Character\Monster\Swamp\Swamp_AlertRect</Filter>
    </ClInclude>
    <ClInclude Include="..\Public\Swamp_SmokeEffect.h">
      <Filter>02. GameObjects\EffectW\Swamp_SmokeEffect</Filter>
    </ClInclude>
    <ClInclude Include="..\Public\Monster_StealthZako.h">
      <Filter>02. GameObjects\Character\Monster\Zako\StealthMode</Filter>
    </ClInclude>
    <ClInclude Include="..\Public\GroundSmoke.h">
      <Filter>02. GameObjects\EffectW\GroundSmoke</Filter>
    </ClInclude>
    <ClInclude Include="..\Public\StoneParticle.h">
      <Filter>02. GameObjects\EffectW\StoneParticle</Filter>
    </ClInclude>
    <ClInclude Include="..\Public\NPC_Zenitsu.h">
      <Filter>02. GameObjects\Character\NPC\NPC_Zenitsu</Filter>
    </ClInclude>
    <ClInclude Include="..\Public\SmeshStone.h">
      <Filter>02. GameObjects\Character\Monster\Swamp\SmeshStone</Filter>
    </ClInclude>
    <ClInclude Include="..\Public\Aurora.h">
      <Filter>02. GameObjects\Environment\Aurora</Filter>
    </ClInclude>
    <ClInclude Include="..\Public\EffectW.h">
      <Filter>02. GameObjects\EffectW</Filter>
    </ClInclude>
    <ClInclude Include="..\Public\Swamp.h">
      <Filter>02. GameObjects\Character\Monster\Swamp\WaterEffect</Filter>
    </ClInclude>
    <ClInclude Include="..\Public\EffectW_Manager.h">
      <Filter>02. GameObjects\EffectW</Filter>
    </ClInclude>
    <ClInclude Include="..\Public\WebManager.h">
      <Filter>02. GameObjects\Character\Monster\Spider\WebManager</Filter>
    </ClInclude>
    <ClInclude Include="..\Public\WebShot.h">
      <Filter>02. GameObjects\Character\Monster\Spider\Web</Filter>
    </ClInclude>
  </ItemGroup>
  <ItemGroup>
    <ClCompile Include="Client.cpp">
      <Filter>98. Default</Filter>
    </ClCompile>
    <ClCompile Include="pch.cpp">
      <Filter>98. Default</Filter>
    </ClCompile>
    <ClCompile Include="..\Private\MainApp.cpp">
      <Filter>00. MainApp</Filter>
    </ClCompile>
    <ClCompile Include="..\Private\Level_Logo.cpp">
      <Filter>01. Levels\00. Logo</Filter>
    </ClCompile>
    <ClCompile Include="..\Private\Level_GamePlay.cpp">
      <Filter>01. Levels\02. GamePlay</Filter>
    </ClCompile>
    <ClCompile Include="..\Private\Level_Loading.cpp">
      <Filter>01. Levels\99. Loadiing</Filter>
    </ClCompile>
    <ClCompile Include="..\Private\Loader.cpp">
      <Filter>01. Levels\99. Loadiing\Loader</Filter>
    </ClCompile>
    <ClCompile Include="..\Private\BackGround.cpp">
      <Filter>02. GameObjects\LoadingTexture</Filter>
    </ClCompile>
    <ClCompile Include="..\Private\Camera_Free.cpp">
      <Filter>02. GameObjects\Camera\Free</Filter>
    </ClCompile>
    <ClCompile Include="..\Private\Character.cpp">
      <Filter>02. GameObjects\Character</Filter>
    </ClCompile>
    <ClCompile Include="..\Private\Player.cpp">
      <Filter>02. GameObjects\Character\Player</Filter>
    </ClCompile>
    <ClCompile Include="..\Private\ColliderManager.cpp">
      <Filter>04. ColliderManager</Filter>
    </ClCompile>
    <ClCompile Include="..\Private\Sky.cpp">
      <Filter>02. GameObjects\Environment\Sky</Filter>
    </ClCompile>
    <ClCompile Include="..\Private\MapObject.cpp">
      <Filter>02. GameObjects\Environment\MapObject</Filter>
    </ClCompile>
    <ClCompile Include="..\Private\RotationMapObject.cpp">
      <Filter>02. GameObjects\Environment\MapObject\Rotation</Filter>
    </ClCompile>
    <ClCompile Include="..\Private\StaticMapObject.cpp">
      <Filter>02. GameObjects\Environment\MapObject\Static</Filter>
    </ClCompile>
    <ClCompile Include="..\Private\TerrainMapObject.cpp">
      <Filter>02. GameObjects\Environment\MapObject\Terrain</Filter>
    </ClCompile>
    <ClCompile Include="..\Private\SoundMgr.cpp">
      <Filter>05. SoundManager</Filter>
    </ClCompile>
    <ClCompile Include="..\Private\Level_Village.cpp">
      <Filter>01. Levels\03. Village</Filter>
    </ClCompile>
    <ClCompile Include="..\Private\Level_FinalBoss.cpp">
      <Filter>01. Levels\06. FinalBoss</Filter>
    </ClCompile>
    <ClCompile Include="..\Private\Level_House.cpp">
      <Filter>01. Levels\04. House</Filter>
    </ClCompile>
    <ClCompile Include="..\Private\Level_Train.cpp">
      <Filter>01. Levels\05. Train</Filter>
    </ClCompile>
    <ClCompile Include="..\Private\InstanceMapObject.cpp">
      <Filter>02. GameObjects\Environment\MapObject\InstanceMapObject</Filter>
    </ClCompile>
    <ClCompile Include="..\Private\Player_Tanjiro.cpp">
      <Filter>02. GameObjects\Character\Player\Tanjiro</Filter>
    </ClCompile>
    <ClCompile Include="..\Private\Monster_Test.cpp">
      <Filter>02. GameObjects\Character\Monster\Test</Filter>
    </ClCompile>
    <ClCompile Include="..\Private\Player_Battle_Frame.cpp">
      <Filter>02. GameObjects\UI\00.Player_Battle_Bar\Frame</Filter>
    </ClCompile>
    <ClCompile Include="..\Private\Player_Battle_Hp.cpp">
      <Filter>02. GameObjects\UI\00.Player_Battle_Bar\Hp_Bar</Filter>
    </ClCompile>
    <ClCompile Include="..\Private\Player_Battle_Mp.cpp">
      <Filter>02. GameObjects\UI\00.Player_Battle_Bar\Mp_Bar</Filter>
    </ClCompile>
    <ClCompile Include="..\Private\Player_Battle_Ult_Effect.cpp">
      <Filter>02. GameObjects\UI\00.Player_Battle_Bar\Ult_Bar\Effect</Filter>
    </ClCompile>
    <ClCompile Include="..\Private\Player_Battle_Ult_Frame.cpp">
      <Filter>02. GameObjects\UI\00.Player_Battle_Bar\Ult_Bar\Frame</Filter>
    </ClCompile>
    <ClCompile Include="..\Private\Boss_Battle_Frame.cpp">
      <Filter>02. GameObjects\UI\01.Boss_Battle_Bar\Frame</Filter>
    </ClCompile>
    <ClCompile Include="..\Private\Boss_Battle_Hp.cpp">
      <Filter>02. GameObjects\UI\01.Boss_Battle_Bar\Hp_Bar</Filter>
    </ClCompile>
    <ClCompile Include="..\Private\Player_Battle_Combo.cpp">
      <Filter>02. GameObjects\UI\02.Combo_Info\Combo</Filter>
    </ClCompile>
    <ClCompile Include="..\Private\AtkCollider.cpp">
      <Filter>02. GameObjects\AtkCollider</Filter>
    </ClCompile>
    <ClCompile Include="..\Private\AtkCollManager.cpp">
      <Filter>02. GameObjects\AtkCollider\Manager</Filter>
    </ClCompile>
    <ClCompile Include="..\Private\Player_Tanjiro.cpp">
      <Filter>02. GameObjects\Character\Player\Tanjiro</Filter>
    </ClCompile>
    <ClCompile Include="..\Private\Effect.cpp">
      <Filter>02. GameObjects\Effect</Filter>
    </ClCompile>
    <ClCompile Include="..\Private\Effect_Mesh.cpp">
      <Filter>02. GameObjects\Effect\Effect\Mesh</Filter>
    </ClCompile>
    <ClCompile Include="..\Private\Effect_Particle.cpp">
      <Filter>02. GameObjects\Effect\Effect\Particle</Filter>
    </ClCompile>
    <ClCompile Include="..\Private\Effect_Texture.cpp">
      <Filter>02. GameObjects\Effect\Effect\Texture</Filter>
    </ClCompile>
    <ClCompile Include="..\Private\EffectPlayer.cpp">
      <Filter>02. GameObjects\Effect\EffectPlayer</Filter>
    </ClCompile>
    <ClCompile Include="..\Private\Player.cpp">
      <Filter>02. GameObjects\Character\Player</Filter>
    </ClCompile>
    <ClCompile Include="..\Private\ParticleSystem.cpp">
      <Filter>02. GameObjects\Effect\ParticleSystem</Filter>
    </ClCompile>
    <ClCompile Include="..\Private\Character.cpp">
      <Filter>02. GameObjects\Character</Filter>
    </ClCompile>
    <ClCompile Include="..\Private\World_UI_Hp.cpp">
      <Filter>02. GameObjects\UI\03.World_UI\Hp_Bar</Filter>
    </ClCompile>
    <ClCompile Include="..\Private\FIcon.cpp">
      <Filter>02. GameObjects\UI\03.World_UI\FIcon</Filter>
    </ClCompile>
    <ClCompile Include="..\Private\Interaction.cpp">
      <Filter>02. GameObjects\UI\03.World_UI\Interaction</Filter>
    </ClCompile>
    <ClCompile Include="..\Private\Dialog.cpp">
      <Filter>02. GameObjects\UI\04.Dialog</Filter>
    </ClCompile>
    <ClCompile Include="..\Private\Mission.cpp">
      <Filter>02. GameObjects\UI\05.Mission</Filter>
    </ClCompile>
    <ClCompile Include="..\Private\Sword.cpp">
      <Filter>02. GameObjects\Character\Player\Sword</Filter>
    </ClCompile>
    <ClCompile Include="..\Private\SwordHome.cpp">
      <Filter>02. GameObjects\Character\Player\Sword</Filter>
    </ClCompile>
    <ClCompile Include="..\Private\Player_Zenitsu.cpp">
      <Filter>02. GameObjects\Character\Player\Zenitsu</Filter>
    </ClCompile>
    <ClCompile Include="..\Private\DialogManager.cpp">
      <Filter>02. GameObjects\UI\04.Dialog\Dialog_Manager</Filter>
    </ClCompile>
    <ClCompile Include="..\Private\MissionManager.cpp">
      <Filter>02. GameObjects\UI\05.Mission\Mission_Manager</Filter>
    </ClCompile>
    <ClCompile Include="..\Private\Mini_Map.cpp">
      <Filter>02. GameObjects\UI\06.Map\Mini</Filter>
    </ClCompile>
    <ClCompile Include="..\Private\Title.cpp">
      <Filter>02. GameObjects\UI\09.Main_UI\Title</Filter>
    </ClCompile>
    <ClCompile Include="..\Private\Title_Manager.cpp">
      <Filter>02. GameObjects\UI\09.Main_UI\Title\Title_Manager</Filter>
    </ClCompile>
    <ClCompile Include="..\Private\Loading.cpp">
      <Filter>02. GameObjects\UI\09.Main_UI\Loading</Filter>
    </ClCompile>
    <ClCompile Include="..\Private\Story_Board.cpp">
      <Filter>02. GameObjects\UI\09.Main_UI\Story_Board</Filter>
    </ClCompile>
    <ClCompile Include="..\Private\Story_Manager.cpp">
      <Filter>02. GameObjects\UI\09.Main_UI\Story_Board\Story_Manager</Filter>
    </ClCompile>
    <ClCompile Include="..\Private\Level_Lobby.cpp">
      <Filter>01. Levels\01. Lobby</Filter>
    </ClCompile>
    <ClCompile Include="..\Private\Pause.cpp">
      <Filter>02. GameObjects\UI\09.Main_UI\Pause</Filter>
    </ClCompile>
    <ClCompile Include="..\Private\Boss_Akaza.cpp">
      <Filter>02. GameObjects\Character\Monster\Boss_Akaza</Filter>
    </ClCompile>
    <ClCompile Include="..\Private\NPC.cpp">
      <Filter>02. GameObjects\Character\NPC</Filter>
    </ClCompile>
    <ClCompile Include="..\Private\NPC_Female.cpp">
      <Filter>02. GameObjects\Character\NPC\NPC_Female</Filter>
    </ClCompile>
    <ClCompile Include="..\Private\Monster.cpp">
      <Filter>02. GameObjects\Character\Monster</Filter>
    </ClCompile>
    <ClCompile Include="..\Private\Monster_Spider.cpp">
      <Filter>02. GameObjects\Character\Monster\Spider</Filter>
    </ClCompile>
    <ClCompile Include="..\Private\MonsterManager.cpp">
      <Filter>02. GameObjects\Character\Monster\Manager</Filter>
    </ClCompile>
    <ClCompile Include="..\Private\Fade_Manager.cpp">
      <Filter>02. GameObjects\UI\09.Main_UI\Loading\Fade_Manager</Filter>
    </ClCompile>
    <ClCompile Include="..\Private\Fade.cpp">
      <Filter>02. GameObjects\UI\09.Main_UI\Loading\Fade_Manager</Filter>
    </ClCompile>
    <ClCompile Include="..\Private\Mini_Map_Manager.cpp">
      <Filter>02. GameObjects\UI\06.Map\Mini\Mini_Map_Manager</Filter>
    </ClCompile>
    <ClCompile Include="..\Private\Boss_Kyogai.cpp">
      <Filter>02. GameObjects\Character\Monster\Boss_Kyogai</Filter>
    </ClCompile>
    <ClCompile Include="..\Private\CollisionBox.cpp">
      <Filter>02. GameObjects\CollisionBox</Filter>
    </ClCompile>
    <ClCompile Include="..\Private\Monster_Zako.cpp">
      <Filter>02. GameObjects\Character\Monster\Zako</Filter>
    </ClCompile>
    <ClCompile Include="..\Private\Camera_Manager.cpp">
      <Filter>02. GameObjects\Camera\Free\Manager</Filter>
    </ClCompile>
    <ClCompile Include="..\Private\Skill_Name.cpp">
      <Filter>02. GameObjects\UI\10.Skill_Name</Filter>
    </ClCompile>
    <ClCompile Include="..\Private\Battle_UI_Manager.cpp">
      <Filter>02. GameObjects\UI\11.Battle_UI_Manager</Filter>
    </ClCompile>
    <ClCompile Include="..\Private\Battle_Signal.cpp">
      <Filter>02. GameObjects\UI\12.Battle_Signal</Filter>
    </ClCompile>
    <ClCompile Include="..\Private\Option.cpp">
      <Filter>02. GameObjects\UI\09.Main_UI\Option</Filter>
    </ClCompile>
    <ClCompile Include="..\Private\TrainSmoke.cpp">
      <Filter>02. GameObjects\Environment\TrainSmoke</Filter>
    </ClCompile>
    <ClCompile Include="..\Private\OptionManager.cpp">
      <Filter>02. GameObjects\UI\09.Main_UI\Option\Option_Manager</Filter>
    </ClCompile>
    <ClCompile Include="..\Private\PlayerManager.cpp">
      <Filter>02. GameObjects\Character\Player\PlayerManager</Filter>
    </ClCompile>
    <ClCompile Include="..\Private\AlertCircle.cpp">
      <Filter>02. GameObjects\Environment\AlertCircle</Filter>
    </ClCompile>
    <ClCompile Include="..\Private\Monster_Swamp.cpp">
      <Filter>02. GameObjects\Character\Monster\Swamp</Filter>
    </ClCompile>
    <ClCompile Include="..\Private\RoomSmoke.cpp">
      <Filter>02. GameObjects\EffectW\RoomSmoke</Filter>
    </ClCompile>
    <ClCompile Include="..\Private\AlertRect.cpp">
      <Filter>02. GameObjects\Environment\AlertRect</Filter>
    </ClCompile>
    <ClCompile Include="..\Private\SwampManager.cpp">
      <Filter>02. GameObjects\Character\Monster\Swamp\Manager</Filter>
    </ClCompile>
    <ClCompile Include="..\Private\SwampShot.cpp">
      <Filter>02. GameObjects\Character\Monster\Swamp\SwampShot</Filter>
    </ClCompile>
    <ClCompile Include="..\Private\SmellBundle.cpp">
      <Filter>02. GameObjects\Environment\SmellBundle</Filter>
    </ClCompile>
    <ClCompile Include="..\Private\Paper.cpp">
      <Filter>02. GameObjects\UI\05.Mission\Mission_Paper</Filter>
    </ClCompile>
    <ClCompile Include="..\Private\Player_Rengoku.cpp">
      <Filter>02. GameObjects\Character\Player\Rengoku</Filter>
    </ClCompile>
    <ClCompile Include="..\Private\NPC_AdultM.cpp">
      <Filter>02. GameObjects\Character\NPC\NPC_AdultM</Filter>
    </ClCompile>
    <ClCompile Include="..\Private\NPC_ChildF.cpp">
      <Filter>02. GameObjects\Character\NPC\NPC_ChildF</Filter>
    </ClCompile>
    <ClCompile Include="..\Private\NPC_ChildM.cpp">
      <Filter>02. GameObjects\Character\NPC\NPC_ChildM</Filter>
    </ClCompile>
    <ClCompile Include="..\Private\SwampWaterEffect.cpp">
      <Filter>02. GameObjects\Character\Monster\Swamp\WaterEffect</Filter>
    </ClCompile>
    <ClCompile Include="..\Private\WaterParticleEffect.cpp">
      <Filter>02. GameObjects\EffectW\WaterParicleEffect</Filter>
    </ClCompile>
    <ClCompile Include="..\Private\Swamp_AlertRect.cpp">
      <Filter>02. GameObjects\Character\Monster\Swamp\Swamp_AlertRect</Filter>
    </ClCompile>
    <ClCompile Include="..\Private\Swamp_SmokeEffect.cpp">
      <Filter>02. GameObjects\EffectW\Swamp_SmokeEffect</Filter>
    </ClCompile>
    <ClCompile Include="..\Private\Monster_StealthZako.cpp">
      <Filter>02. GameObjects\Character\Monster\Zako\StealthMode</Filter>
    </ClCompile>
    <ClCompile Include="..\Private\GroundSmoke.cpp">
      <Filter>02. GameObjects\EffectW\GroundSmoke</Filter>
    </ClCompile>
    <ClCompile Include="..\Private\StoneParticle.cpp">
      <Filter>02. GameObjects\EffectW\StoneParticle</Filter>
    </ClCompile>
    <ClCompile Include="..\Private\NPC_Zenitsu.cpp">
      <Filter>02. GameObjects\Character\NPC\NPC_Zenitsu</Filter>
    </ClCompile>
    <ClCompile Include="..\Private\SmeshStone.cpp">
      <Filter>02. GameObjects\Character\Monster\Swamp\SmeshStone</Filter>
    </ClCompile>
    <ClCompile Include="..\Private\Aurora.cpp">
      <Filter>02. GameObjects\Environment\Aurora</Filter>
    </ClCompile>
    <ClCompile Include="..\Private\EffectW.cpp">
      <Filter>02. GameObjects\EffectW</Filter>
    </ClCompile>
    <ClCompile Include="..\Private\Swamp.cpp">
      <Filter>02. GameObjects\Character\Monster\Swamp\WaterEffect</Filter>
    </ClCompile>
    <ClCompile Include="..\Private\EffectW_Manager.cpp">
      <Filter>02. GameObjects\EffectW</Filter>
    </ClCompile>
    <ClCompile Include="..\Private\WebManager.cpp">
      <Filter>02. GameObjects\Character\Monster\Spider\WebManager</Filter>
    </ClCompile>
    <ClCompile Include="..\Private\WebShot.cpp">
      <Filter>02. GameObjects\Character\Monster\Spider\Web</Filter>
    </ClCompile>
  </ItemGroup>
  <ItemGroup>
    <Image Include="Client.ico">
      <Filter>98. Default</Filter>
    </Image>
    <Image Include="small.ico">
      <Filter>98. Default</Filter>
    </Image>
  </ItemGroup>
  <ItemGroup>
    <ResourceCompile Include="Client.rc">
      <Filter>98. Default</Filter>
    </ResourceCompile>
  </ItemGroup>
  <ItemGroup>
    <FxCompile Include="..\Bin\ShaderFiles\Shader_VtxTex.hlsl">
      <Filter>97. ShaderFiles</Filter>
    </FxCompile>
    <FxCompile Include="..\Bin\ShaderFiles\Shader_VtxNorTex.hlsl">
      <Filter>97. ShaderFiles</Filter>
    </FxCompile>
    <FxCompile Include="..\Bin\ShaderFiles\Shader_VtxAnimModel.hlsl">
      <Filter>97. ShaderFiles</Filter>
    </FxCompile>
    <FxCompile Include="..\Bin\ShaderFiles\Shader_VtxModel.hlsl">
      <Filter>97. ShaderFiles</Filter>
    </FxCompile>
    <FxCompile Include="..\Bin\ShaderFiles\Shader_VtxTerrainModel.hlsl">
      <Filter>97. ShaderFiles</Filter>
    </FxCompile>
    <FxCompile Include="..\Bin\ShaderFiles\Shader_VtxModelInstance.hlsl">
      <Filter>97. ShaderFiles</Filter>
    </FxCompile>
    <FxCompile Include="..\Bin\ShaderFiles\Shader_VtxModel_Effect.hlsl">
      <Filter>97. ShaderFiles</Filter>
    </FxCompile>
    <FxCompile Include="..\Bin\ShaderFiles\Shader_VtxPoint_Effect.hlsl">
      <Filter>97. ShaderFiles</Filter>
    </FxCompile>
    <FxCompile Include="..\Bin\ShaderFiles\Shader_VtxPointInstance_Effect.hlsl">
      <Filter>97. ShaderFiles</Filter>
    </FxCompile>
  </ItemGroup>
</Project>